// !$*UTF8*$!
{
	archiveVersion = 1;
	classes = {
	};
	objectVersion = 77;
	objects = {

/* Begin PBXBuildFile section */
		0C9DB1A8C28BE63878271DBD /* AddressBarView.swift in Sources */ = {isa = PBXBuildFile; fileRef = 8CBD3BF7729AC637DA70746D /* AddressBarView.swift */; };
		17D79DAFBE9D1DE2E975DE63 /* FileWatcher.swift in Sources */ = {isa = PBXBuildFile; fileRef = DF1B3726386EA32329B1EB97 /* FileWatcher.swift */; };
		1E661E96D956440CF4D2A998 /* NavigationController.swift in Sources */ = {isa = PBXBuildFile; fileRef = 51AC1C88AAFF42E3424171BB /* NavigationController.swift */; };
		2168FD65BD5ED16FAC57B056 /* TreeSidebarViewController.swift in Sources */ = {isa = PBXBuildFile; fileRef = 4076AB78647F409B0A2D14E6 /* TreeSidebarViewController.swift */; };
		24797C1E6711626994B366AF /* Assets.xcassets in Resources */ = {isa = PBXBuildFile; fileRef = 623B5B1CE5AEC09CC1B21693 /* Assets.xcassets */; };
		3A463F126C43CC62E48C70A9 /* FavoritesManagerTests.swift in Sources */ = {isa = PBXBuildFile; fileRef = A8FBF54D3DAA6B77884EF404 /* FavoritesManagerTests.swift */; };
		3B5F19BFEA9225F3B3ACD9F2 /* FileOperations.swift in Sources */ = {isa = PBXBuildFile; fileRef = 3CF2CD86BF22845AE7FBE610 /* FileOperations.swift */; };
		3F5CDEB6F946B9FFB1F7EFD1 /* AppIcon.png in Resources */ = {isa = PBXBuildFile; fileRef = 32BBAC7D3BB557D5B2609F20 /* AppIcon.png */; };
		4282ECBCE37A00B68A838F5C /* Notifications.swift in Sources */ = {isa = PBXBuildFile; fileRef = 69C38B990D44E784536FCC1E /* Notifications.swift */; };
		4FA902025793FAD2394FC02E /* FileSystemControllerTests.swift in Sources */ = {isa = PBXBuildFile; fileRef = CCE453AB1E585F625C2BD673 /* FileSystemControllerTests.swift */; };
		5CB7FBD14A54DFEFD69E2FB8 /* NavigationState.swift in Sources */ = {isa = PBXBuildFile; fileRef = 61451F8C3A80AC0B70380B34 /* NavigationState.swift */; };
		60841D69AC2F8F4A8CBD1F02 /* PreferencesManager.swift in Sources */ = {isa = PBXBuildFile; fileRef = 664D0EFB36535D574B79ED25 /* PreferencesManager.swift */; };
		8E40E160963B14BF3521370C /* NavigationStateTests.swift in Sources */ = {isa = PBXBuildFile; fileRef = A31E52D4F29518F569EDF457 /* NavigationStateTests.swift */; };
		917102D84162E0B9C6C1C85D /* main.swift in Sources */ = {isa = PBXBuildFile; fileRef = A58C5B44F53B90F738F5D2B1 /* main.swift */; };
		9361F887A384BECBF9438930 /* MainWindowController.swift in Sources */ = {isa = PBXBuildFile; fileRef = 0C7AD18B3D9CFD337E5677DE /* MainWindowController.swift */; };
		94D5EC266D6BE10D552BA1E5 /* IconCacheTests.swift in Sources */ = {isa = PBXBuildFile; fileRef = 2FDA5F591289F6B6548B133F /* IconCacheTests.swift */; };
		AA94AB19074A642AF4848931 /* FileNode.swift in Sources */ = {isa = PBXBuildFile; fileRef = BD7CB218C6E73826EAC1D4D7 /* FileNode.swift */; };
		C5EC37EFD4E4C748F3C00E76 /* FileOperationsTests.swift in Sources */ = {isa = PBXBuildFile; fileRef = 861E0DC8B58DEC2093C0A668 /* FileOperationsTests.swift */; };
		C779FE79F1DDFA8E25B62379 /* FileSystemController.swift in Sources */ = {isa = PBXBuildFile; fileRef = 29CAC095B2ACF1F04141527B /* FileSystemController.swift */; };
		CD12F4DF6EECA11475583510 /* IconCache.swift in Sources */ = {isa = PBXBuildFile; fileRef = 083CE45EFAFA28F667212C0E /* IconCache.swift */; };
		D0F5A455FEAFC9B8C5E935F8 /* FileListContainerViewController.swift in Sources */ = {isa = PBXBuildFile; fileRef = B0B2EF0B7255B2BE04D74447 /* FileListContainerViewController.swift */; };
		D5D0741A3B4B6D13E1471AD8 /* PreferencesWindowController.swift in Sources */ = {isa = PBXBuildFile; fileRef = 4591C554097E7F7F10B40C9B /* PreferencesWindowController.swift */; };
		D9C30209B82B847825F1C475 /* StatusBarView.swift in Sources */ = {isa = PBXBuildFile; fileRef = A63D383807172DB2DB74DA1A /* StatusBarView.swift */; };
		EAE5F65A99AA6F8A155687FA /* FavoritesManager.swift in Sources */ = {isa = PBXBuildFile; fileRef = A2B8AD99CA7E35448CC1CF11 /* FavoritesManager.swift */; };
		F51EBD5B744671EA9881F2F2 /* AppDelegate.swift in Sources */ = {isa = PBXBuildFile; fileRef = ABAE572F03CA42271B9A855F /* AppDelegate.swift */; };
		F5C38407346D3A5D0E71D5F1 /* FileNodeTests.swift in Sources */ = {isa = PBXBuildFile; fileRef = A27744859DA1980C0CC2B7C7 /* FileNodeTests.swift */; };
		F7E377CCCBD470C45B364E36 /* AppIcon.icns in Resources */ = {isa = PBXBuildFile; fileRef = 0BD7097CFD19645860536174 /* AppIcon.icns */; };
/* End PBXBuildFile section */

/* Begin PBXContainerItemProxy section */
		F34035EF3A63B067DD57866C /* PBXContainerItemProxy */ = {
			isa = PBXContainerItemProxy;
			containerPortal = 8296703095673FC0998559D2 /* Project object */;
			proxyType = 1;
			remoteGlobalIDString = D0B8025884F478EE956CA83F;
			remoteInfo = Findery;
		};
/* End PBXContainerItemProxy section */

/* Begin PBXFileReference section */
		083CE45EFAFA28F667212C0E /* IconCache.swift */ = {isa = PBXFileReference; lastKnownFileType = sourcecode.swift; path = IconCache.swift; sourceTree = "<group>"; };
		0BD7097CFD19645860536174 /* AppIcon.icns */ = {isa = PBXFileReference; lastKnownFileType = image.icns; path = AppIcon.icns; sourceTree = "<group>"; };
		0C7AD18B3D9CFD337E5677DE /* MainWindowController.swift */ = {isa = PBXFileReference; lastKnownFileType = sourcecode.swift; path = MainWindowController.swift; sourceTree = "<group>"; };
		29CAC095B2ACF1F04141527B /* FileSystemController.swift */ = {isa = PBXFileReference; lastKnownFileType = sourcecode.swift; path = FileSystemController.swift; sourceTree = "<group>"; };
		2FDA5F591289F6B6548B133F /* IconCacheTests.swift */ = {isa = PBXFileReference; lastKnownFileType = sourcecode.swift; path = IconCacheTests.swift; sourceTree = "<group>"; };
		32BBAC7D3BB557D5B2609F20 /* AppIcon.png */ = {isa = PBXFileReference; lastKnownFileType = image.png; path = AppIcon.png; sourceTree = "<group>"; };
		3653A6F8C8FFC3512F27148C /* FinderyTests.xctest */ = {isa = PBXFileReference; explicitFileType = wrapper.cfbundle; includeInIndex = 0; path = FinderyTests.xctest; sourceTree = BUILT_PRODUCTS_DIR; };
		3CF2CD86BF22845AE7FBE610 /* FileOperations.swift */ = {isa = PBXFileReference; lastKnownFileType = sourcecode.swift; path = FileOperations.swift; sourceTree = "<group>"; };
		4076AB78647F409B0A2D14E6 /* TreeSidebarViewController.swift */ = {isa = PBXFileReference; lastKnownFileType = sourcecode.swift; path = TreeSidebarViewController.swift; sourceTree = "<group>"; };
		4591C554097E7F7F10B40C9B /* PreferencesWindowController.swift */ = {isa = PBXFileReference; lastKnownFileType = sourcecode.swift; path = PreferencesWindowController.swift; sourceTree = "<group>"; };
		51AC1C88AAFF42E3424171BB /* NavigationController.swift */ = {isa = PBXFileReference; lastKnownFileType = sourcecode.swift; path = NavigationController.swift; sourceTree = "<group>"; };
		61451F8C3A80AC0B70380B34 /* NavigationState.swift */ = {isa = PBXFileReference; lastKnownFileType = sourcecode.swift; path = NavigationState.swift; sourceTree = "<group>"; };
		623B5B1CE5AEC09CC1B21693 /* Assets.xcassets */ = {isa = PBXFileReference; lastKnownFileType = folder.assetcatalog; path = Assets.xcassets; sourceTree = "<group>"; };
		664D0EFB36535D574B79ED25 /* PreferencesManager.swift */ = {isa = PBXFileReference; lastKnownFileType = sourcecode.swift; path = PreferencesManager.swift; sourceTree = "<group>"; };
		69C38B990D44E784536FCC1E /* Notifications.swift */ = {isa = PBXFileReference; lastKnownFileType = sourcecode.swift; path = Notifications.swift; sourceTree = "<group>"; };
		861E0DC8B58DEC2093C0A668 /* FileOperationsTests.swift */ = {isa = PBXFileReference; lastKnownFileType = sourcecode.swift; path = FileOperationsTests.swift; sourceTree = "<group>"; };
		8CBD3BF7729AC637DA70746D /* AddressBarView.swift */ = {isa = PBXFileReference; lastKnownFileType = sourcecode.swift; path = AddressBarView.swift; sourceTree = "<group>"; };
		9C4834C485D2670295F09CB8 /* Findery.entitlements */ = {isa = PBXFileReference; lastKnownFileType = text.plist.entitlements; path = Findery.entitlements; sourceTree = "<group>"; };
		A27744859DA1980C0CC2B7C7 /* FileNodeTests.swift */ = {isa = PBXFileReference; lastKnownFileType = sourcecode.swift; path = FileNodeTests.swift; sourceTree = "<group>"; };
		A2B8AD99CA7E35448CC1CF11 /* FavoritesManager.swift */ = {isa = PBXFileReference; lastKnownFileType = sourcecode.swift; path = FavoritesManager.swift; sourceTree = "<group>"; };
		A31E52D4F29518F569EDF457 /* NavigationStateTests.swift */ = {isa = PBXFileReference; lastKnownFileType = sourcecode.swift; path = NavigationStateTests.swift; sourceTree = "<group>"; };
		A58C5B44F53B90F738F5D2B1 /* main.swift */ = {isa = PBXFileReference; lastKnownFileType = sourcecode.swift; path = main.swift; sourceTree = "<group>"; };
		A63D383807172DB2DB74DA1A /* StatusBarView.swift */ = {isa = PBXFileReference; lastKnownFileType = sourcecode.swift; path = StatusBarView.swift; sourceTree = "<group>"; };
		A8FBF54D3DAA6B77884EF404 /* FavoritesManagerTests.swift */ = {isa = PBXFileReference; lastKnownFileType = sourcecode.swift; path = FavoritesManagerTests.swift; sourceTree = "<group>"; };
		ABAE572F03CA42271B9A855F /* AppDelegate.swift */ = {isa = PBXFileReference; lastKnownFileType = sourcecode.swift; path = AppDelegate.swift; sourceTree = "<group>"; };
		B0B2EF0B7255B2BE04D74447 /* FileListContainerViewController.swift */ = {isa = PBXFileReference; lastKnownFileType = sourcecode.swift; path = FileListContainerViewController.swift; sourceTree = "<group>"; };
		BBDAC1860A7DBC137B3DFDB6 /* Findery.app */ = {isa = PBXFileReference; explicitFileType = wrapper.application; includeInIndex = 0; path = Findery.app; sourceTree = BUILT_PRODUCTS_DIR; };
		BD7CB218C6E73826EAC1D4D7 /* FileNode.swift */ = {isa = PBXFileReference; lastKnownFileType = sourcecode.swift; path = FileNode.swift; sourceTree = "<group>"; };
		CCE453AB1E585F625C2BD673 /* FileSystemControllerTests.swift */ = {isa = PBXFileReference; lastKnownFileType = sourcecode.swift; path = FileSystemControllerTests.swift; sourceTree = "<group>"; };
		DF1B3726386EA32329B1EB97 /* FileWatcher.swift */ = {isa = PBXFileReference; lastKnownFileType = sourcecode.swift; path = FileWatcher.swift; sourceTree = "<group>"; };
		F70D69E78679884C640DF49E /* Info.plist */ = {isa = PBXFileReference; lastKnownFileType = text.plist; path = Info.plist; sourceTree = "<group>"; };
/* End PBXFileReference section */

/* Begin PBXGroup section */
		2120CE3991B9A2C197CCB753 /* Products */ = {
			isa = PBXGroup;
			children = (
				BBDAC1860A7DBC137B3DFDB6 /* Findery.app */,
				3653A6F8C8FFC3512F27148C /* FinderyTests.xctest */,
			);
			name = Products;
			sourceTree = "<group>";
		};
		5325A6C8C62F433D451E2EDB /* App */ = {
			isa = PBXGroup;
			children = (
				ABAE572F03CA42271B9A855F /* AppDelegate.swift */,
				A58C5B44F53B90F738F5D2B1 /* main.swift */,
				0C7AD18B3D9CFD337E5677DE /* MainWindowController.swift */,
				69C38B990D44E784536FCC1E /* Notifications.swift */,
			);
			path = App;
			sourceTree = "<group>";
		};
		537BE0E810FF61BF1460770D /* Views */ = {
			isa = PBXGroup;
			children = (
				8CBD3BF7729AC637DA70746D /* AddressBarView.swift */,
				B0B2EF0B7255B2BE04D74447 /* FileListContainerViewController.swift */,
				4591C554097E7F7F10B40C9B /* PreferencesWindowController.swift */,
				A63D383807172DB2DB74DA1A /* StatusBarView.swift */,
				4076AB78647F409B0A2D14E6 /* TreeSidebarViewController.swift */,
			);
			path = Views;
			sourceTree = "<group>";
		};
		A29E07951776E6378D3AA438 /* Controllers */ = {
			isa = PBXGroup;
			children = (
				A2B8AD99CA7E35448CC1CF11 /* FavoritesManager.swift */,
				3CF2CD86BF22845AE7FBE610 /* FileOperations.swift */,
				29CAC095B2ACF1F04141527B /* FileSystemController.swift */,
				DF1B3726386EA32329B1EB97 /* FileWatcher.swift */,
				083CE45EFAFA28F667212C0E /* IconCache.swift */,
				51AC1C88AAFF42E3424171BB /* NavigationController.swift */,
				664D0EFB36535D574B79ED25 /* PreferencesManager.swift */,
			);
			path = Controllers;
			sourceTree = "<group>";
		};
		B1C97BE117006D0148F88D59 /* FinderyTests */ = {
			isa = PBXGroup;
			children = (
				A8FBF54D3DAA6B77884EF404 /* FavoritesManagerTests.swift */,
				A27744859DA1980C0CC2B7C7 /* FileNodeTests.swift */,
				861E0DC8B58DEC2093C0A668 /* FileOperationsTests.swift */,
				CCE453AB1E585F625C2BD673 /* FileSystemControllerTests.swift */,
				2FDA5F591289F6B6548B133F /* IconCacheTests.swift */,
				A31E52D4F29518F569EDF457 /* NavigationStateTests.swift */,
			);
			path = FinderyTests;
			sourceTree = "<group>";
		};
		B22DDA1F6E39B25260280B35 = {
			isa = PBXGroup;
			children = (
				D4A088FCC98E4BAC118E36EE /* Findery */,
				B1C97BE117006D0148F88D59 /* FinderyTests */,
				2120CE3991B9A2C197CCB753 /* Products */,
			);
			sourceTree = "<group>";
		};
		C8F40736A6494C5A33082D99 /* Models */ = {
			isa = PBXGroup;
			children = (
				BD7CB218C6E73826EAC1D4D7 /* FileNode.swift */,
				61451F8C3A80AC0B70380B34 /* NavigationState.swift */,
			);
			path = Models;
			sourceTree = "<group>";
		};
		D4A088FCC98E4BAC118E36EE /* Findery */ = {
			isa = PBXGroup;
			children = (
				5325A6C8C62F433D451E2EDB /* App */,
				A29E07951776E6378D3AA438 /* Controllers */,
				C8F40736A6494C5A33082D99 /* Models */,
				E6ABA15079B749A48B1CD3E6 /* Resources */,
				537BE0E810FF61BF1460770D /* Views */,
			);
			path = Findery;
			sourceTree = "<group>";
		};
		E6ABA15079B749A48B1CD3E6 /* Resources */ = {
			isa = PBXGroup;
			children = (
				0BD7097CFD19645860536174 /* AppIcon.icns */,
				32BBAC7D3BB557D5B2609F20 /* AppIcon.png */,
				623B5B1CE5AEC09CC1B21693 /* Assets.xcassets */,
				9C4834C485D2670295F09CB8 /* Findery.entitlements */,
				F70D69E78679884C640DF49E /* Info.plist */,
			);
			path = Resources;
			sourceTree = "<group>";
		};
/* End PBXGroup section */

/* Begin PBXNativeTarget section */
		81BF4C680F68B6560A445A80 /* FinderyTests */ = {
			isa = PBXNativeTarget;
			buildConfigurationList = 2DE6B194F5BB395AD6309296 /* Build configuration list for PBXNativeTarget "FinderyTests" */;
			buildPhases = (
				4031A5E089202BA81981D21D /* Sources */,
			);
			buildRules = (
			);
			dependencies = (
				3C44F1BF43AED09731ACBD05 /* PBXTargetDependency */,
			);
			name = FinderyTests;
			packageProductDependencies = (
			);
			productName = FinderyTests;
			productReference = 3653A6F8C8FFC3512F27148C /* FinderyTests.xctest */;
			productType = "com.apple.product-type.bundle.unit-test";
		};
		D0B8025884F478EE956CA83F /* Findery */ = {
			isa = PBXNativeTarget;
			buildConfigurationList = BE44F31800D587D615A6BE15 /* Build configuration list for PBXNativeTarget "Findery" */;
			buildPhases = (
				655CFB8370565EB94DB77FA3 /* Sources */,
				80CE395EE9DAB8547C6C3B99 /* Resources */,
			);
			buildRules = (
			);
			dependencies = (
			);
			name = Findery;
			packageProductDependencies = (
			);
			productName = Findery;
			productReference = BBDAC1860A7DBC137B3DFDB6 /* Findery.app */;
			productType = "com.apple.product-type.application";
		};
/* End PBXNativeTarget section */

/* Begin PBXProject section */
		8296703095673FC0998559D2 /* Project object */ = {
			isa = PBXProject;
			attributes = {
				BuildIndependentTargetsInParallel = YES;
				LastUpgradeCheck = 1600;
				TargetAttributes = {
				};
			};
			buildConfigurationList = B7789854891C9B5362B1B844 /* Build configuration list for PBXProject "Findery" */;
			developmentRegion = en;
			hasScannedForEncodings = 0;
			knownRegions = (
				Base,
				en,
			);
			mainGroup = B22DDA1F6E39B25260280B35;
			minimizedProjectReferenceProxies = 1;
			preferredProjectObjectVersion = 77;
			productRefGroup = 2120CE3991B9A2C197CCB753 /* Products */;
			projectDirPath = "";
			projectRoot = "";
			targets = (
				D0B8025884F478EE956CA83F /* Findery */,
				81BF4C680F68B6560A445A80 /* FinderyTests */,
			);
		};
/* End PBXProject section */

/* Begin PBXResourcesBuildPhase section */
		80CE395EE9DAB8547C6C3B99 /* Resources */ = {
			isa = PBXResourcesBuildPhase;
			buildActionMask = 2147483647;
			files = (
				F7E377CCCBD470C45B364E36 /* AppIcon.icns in Resources */,
				3F5CDEB6F946B9FFB1F7EFD1 /* AppIcon.png in Resources */,
				24797C1E6711626994B366AF /* Assets.xcassets in Resources */,
			);
			runOnlyForDeploymentPostprocessing = 0;
		};
/* End PBXResourcesBuildPhase section */

/* Begin PBXSourcesBuildPhase section */
		4031A5E089202BA81981D21D /* Sources */ = {
			isa = PBXSourcesBuildPhase;
			buildActionMask = 2147483647;
			files = (
				3A463F126C43CC62E48C70A9 /* FavoritesManagerTests.swift in Sources */,
				F5C38407346D3A5D0E71D5F1 /* FileNodeTests.swift in Sources */,
				C5EC37EFD4E4C748F3C00E76 /* FileOperationsTests.swift in Sources */,
				4FA902025793FAD2394FC02E /* FileSystemControllerTests.swift in Sources */,
				94D5EC266D6BE10D552BA1E5 /* IconCacheTests.swift in Sources */,
				8E40E160963B14BF3521370C /* NavigationStateTests.swift in Sources */,
			);
			runOnlyForDeploymentPostprocessing = 0;
		};
		655CFB8370565EB94DB77FA3 /* Sources */ = {
			isa = PBXSourcesBuildPhase;
			buildActionMask = 2147483647;
			files = (
				0C9DB1A8C28BE63878271DBD /* AddressBarView.swift in Sources */,
				F51EBD5B744671EA9881F2F2 /* AppDelegate.swift in Sources */,
				EAE5F65A99AA6F8A155687FA /* FavoritesManager.swift in Sources */,
				D0F5A455FEAFC9B8C5E935F8 /* FileListContainerViewController.swift in Sources */,
				AA94AB19074A642AF4848931 /* FileNode.swift in Sources */,
				3B5F19BFEA9225F3B3ACD9F2 /* FileOperations.swift in Sources */,
				C779FE79F1DDFA8E25B62379 /* FileSystemController.swift in Sources */,
				17D79DAFBE9D1DE2E975DE63 /* FileWatcher.swift in Sources */,
				CD12F4DF6EECA11475583510 /* IconCache.swift in Sources */,
				9361F887A384BECBF9438930 /* MainWindowController.swift in Sources */,
				1E661E96D956440CF4D2A998 /* NavigationController.swift in Sources */,
				5CB7FBD14A54DFEFD69E2FB8 /* NavigationState.swift in Sources */,
				4282ECBCE37A00B68A838F5C /* Notifications.swift in Sources */,
				60841D69AC2F8F4A8CBD1F02 /* PreferencesManager.swift in Sources */,
				D5D0741A3B4B6D13E1471AD8 /* PreferencesWindowController.swift in Sources */,
				D9C30209B82B847825F1C475 /* StatusBarView.swift in Sources */,
				2168FD65BD5ED16FAC57B056 /* TreeSidebarViewController.swift in Sources */,
				917102D84162E0B9C6C1C85D /* main.swift in Sources */,
			);
			runOnlyForDeploymentPostprocessing = 0;
		};
/* End PBXSourcesBuildPhase section */

/* Begin PBXTargetDependency section */
		3C44F1BF43AED09731ACBD05 /* PBXTargetDependency */ = {
			isa = PBXTargetDependency;
			target = D0B8025884F478EE956CA83F /* Findery */;
			targetProxy = F34035EF3A63B067DD57866C /* PBXContainerItemProxy */;
		};
/* End PBXTargetDependency section */

/* Begin XCBuildConfiguration section */
		135E03DE6E5E8D65A9489EF1 /* Release */ = {
			isa = XCBuildConfiguration;
			buildSettings = {
				ASSETCATALOG_COMPILER_APPICON_NAME = AppIcon;
				CODE_SIGN_ENTITLEMENTS = Findery/Resources/Findery.entitlements;
				COMBINE_HIDPI_IMAGES = YES;
				INFOPLIST_FILE = Findery/Resources/Info.plist;
				LD_RUNPATH_SEARCH_PATHS = (
					"$(inherited)",
					"@executable_path/../Frameworks",
				);
				PRODUCT_BUNDLE_IDENTIFIER = com.findery.app;
				PRODUCT_NAME = Findery;
				SDKROOT = macosx;
			};
			name = Release;
		};
		5F64813EE9717D91D2A104A8 /* Debug */ = {
			isa = XCBuildConfiguration;
			buildSettings = {
				ALWAYS_SEARCH_USER_PATHS = NO;
				CLANG_ANALYZER_NONNULL = YES;
				CLANG_ANALYZER_NUMBER_OBJECT_CONVERSION = YES_AGGRESSIVE;
				CLANG_CXX_LANGUAGE_STANDARD = "gnu++14";
				CLANG_CXX_LIBRARY = "libc++";
				CLANG_ENABLE_MODULES = YES;
				CLANG_ENABLE_OBJC_ARC = YES;
				CLANG_ENABLE_OBJC_WEAK = YES;
				CLANG_WARN_BLOCK_CAPTURE_AUTORELEASING = YES;
				CLANG_WARN_BOOL_CONVERSION = YES;
				CLANG_WARN_COMMA = YES;
				CLANG_WARN_CONSTANT_CONVERSION = YES;
				CLANG_WARN_DEPRECATED_OBJC_IMPLEMENTATIONS = YES;
				CLANG_WARN_DIRECT_OBJC_ISA_USAGE = YES_ERROR;
				CLANG_WARN_DOCUMENTATION_COMMENTS = YES;
				CLANG_WARN_EMPTY_BODY = YES;
				CLANG_WARN_ENUM_CONVERSION = YES;
				CLANG_WARN_INFINITE_RECURSION = YES;
				CLANG_WARN_INT_CONVERSION = YES;
				CLANG_WARN_NON_LITERAL_NULL_CONVERSION = YES;
				CLANG_WARN_OBJC_IMPLICIT_RETAIN_SELF = YES;
				CLANG_WARN_OBJC_LITERAL_CONVERSION = YES;
				CLANG_WARN_OBJC_ROOT_CLASS = YES_ERROR;
				CLANG_WARN_QUOTED_INCLUDE_IN_FRAMEWORK_HEADER = YES;
				CLANG_WARN_RANGE_LOOP_ANALYSIS = YES;
				CLANG_WARN_STRICT_PROTOTYPES = YES;
				CLANG_WARN_SUSPICIOUS_MOVE = YES;
				CLANG_WARN_UNGUARDED_AVAILABILITY = YES_AGGRESSIVE;
				CLANG_WARN_UNREACHABLE_CODE = YES;
				CLANG_WARN__DUPLICATE_METHOD_MATCH = YES;
				COPY_PHASE_STRIP = NO;
				DEBUG_INFORMATION_FORMAT = dwarf;
				ENABLE_STRICT_OBJC_MSGSEND = YES;
				ENABLE_TESTABILITY = YES;
				GCC_C_LANGUAGE_STANDARD = gnu11;
				GCC_DYNAMIC_NO_PIC = NO;
				GCC_NO_COMMON_BLOCKS = YES;
				GCC_OPTIMIZATION_LEVEL = 0;
				GCC_PREPROCESSOR_DEFINITIONS = (
					"$(inherited)",
					"DEBUG=1",
				);
				GCC_WARN_64_TO_32_BIT_CONVERSION = YES;
				GCC_WARN_ABOUT_RETURN_TYPE = YES_ERROR;
				GCC_WARN_UNDECLARED_SELECTOR = YES;
				GCC_WARN_UNINITIALIZED_AUTOS = YES_AGGRESSIVE;
				GCC_WARN_UNUSED_FUNCTION = YES;
				GCC_WARN_UNUSED_VARIABLE = YES;
				MACOSX_DEPLOYMENT_TARGET = 13.0;
				MTL_ENABLE_DEBUG_INFO = INCLUDE_SOURCE;
				MTL_FAST_MATH = YES;
				ONLY_ACTIVE_ARCH = YES;
				PRODUCT_NAME = "$(TARGET_NAME)";
				SDKROOT = macosx;
				SWIFT_ACTIVE_COMPILATION_CONDITIONS = DEBUG;
				SWIFT_OPTIMIZATION_LEVEL = "-Onone";
				SWIFT_VERSION = 5.9;
			};
			name = Debug;
		};
		6DF8BA3AAA516180BEB60B3E /* Release */ = {
			isa = XCBuildConfiguration;
			buildSettings = {
				ALWAYS_SEARCH_USER_PATHS = NO;
				CLANG_ANALYZER_NONNULL = YES;
				CLANG_ANALYZER_NUMBER_OBJECT_CONVERSION = YES_AGGRESSIVE;
				CLANG_CXX_LANGUAGE_STANDARD = "gnu++14";
				CLANG_CXX_LIBRARY = "libc++";
				CLANG_ENABLE_MODULES = YES;
				CLANG_ENABLE_OBJC_ARC = YES;
				CLANG_ENABLE_OBJC_WEAK = YES;
				CLANG_WARN_BLOCK_CAPTURE_AUTORELEASING = YES;
				CLANG_WARN_BOOL_CONVERSION = YES;
				CLANG_WARN_COMMA = YES;
				CLANG_WARN_CONSTANT_CONVERSION = YES;
				CLANG_WARN_DEPRECATED_OBJC_IMPLEMENTATIONS = YES;
				CLANG_WARN_DIRECT_OBJC_ISA_USAGE = YES_ERROR;
				CLANG_WARN_DOCUMENTATION_COMMENTS = YES;
				CLANG_WARN_EMPTY_BODY = YES;
				CLANG_WARN_ENUM_CONVERSION = YES;
				CLANG_WARN_INFINITE_RECURSION = YES;
				CLANG_WARN_INT_CONVERSION = YES;
				CLANG_WARN_NON_LITERAL_NULL_CONVERSION = YES;
				CLANG_WARN_OBJC_IMPLICIT_RETAIN_SELF = YES;
				CLANG_WARN_OBJC_LITERAL_CONVERSION = YES;
				CLANG_WARN_OBJC_ROOT_CLASS = YES_ERROR;
				CLANG_WARN_QUOTED_INCLUDE_IN_FRAMEWORK_HEADER = YES;
				CLANG_WARN_RANGE_LOOP_ANALYSIS = YES;
				CLANG_WARN_STRICT_PROTOTYPES = YES;
				CLANG_WARN_SUSPICIOUS_MOVE = YES;
				CLANG_WARN_UNGUARDED_AVAILABILITY = YES_AGGRESSIVE;
				CLANG_WARN_UNREACHABLE_CODE = YES;
				CLANG_WARN__DUPLICATE_METHOD_MATCH = YES;
				COPY_PHASE_STRIP = NO;
				DEBUG_INFORMATION_FORMAT = "dwarf-with-dsym";
				ENABLE_NS_ASSERTIONS = NO;
				ENABLE_STRICT_OBJC_MSGSEND = YES;
				GCC_C_LANGUAGE_STANDARD = gnu11;
				GCC_NO_COMMON_BLOCKS = YES;
				GCC_WARN_64_TO_32_BIT_CONVERSION = YES;
				GCC_WARN_ABOUT_RETURN_TYPE = YES_ERROR;
				GCC_WARN_UNDECLARED_SELECTOR = YES;
				GCC_WARN_UNINITIALIZED_AUTOS = YES_AGGRESSIVE;
				GCC_WARN_UNUSED_FUNCTION = YES;
				GCC_WARN_UNUSED_VARIABLE = YES;
				MACOSX_DEPLOYMENT_TARGET = 13.0;
				MTL_ENABLE_DEBUG_INFO = NO;
				MTL_FAST_MATH = YES;
				PRODUCT_NAME = "$(TARGET_NAME)";
				SDKROOT = macosx;
				SWIFT_COMPILATION_MODE = wholemodule;
				SWIFT_OPTIMIZATION_LEVEL = "-O";
				SWIFT_VERSION = 5.9;
			};
			name = Release;
		};
		7499EBC3994359D3F81E0E31 /* Release */ = {
			isa = XCBuildConfiguration;
			buildSettings = {
				BUNDLE_LOADER = "$(TEST_HOST)";
				COMBINE_HIDPI_IMAGES = YES;
				GENERATE_INFOPLIST_FILE = YES;
				LD_RUNPATH_SEARCH_PATHS = (
					"$(inherited)",
					"@executable_path/../Frameworks",
					"@loader_path/../Frameworks",
				);
				PRODUCT_BUNDLE_IDENTIFIER = com.findery.tests;
				SDKROOT = macosx;
				TEST_HOST = "$(BUILT_PRODUCTS_DIR)/Findery.app/Contents/MacOS/Findery";
			};
			name = Release;
		};
		D6E6F3F9F3CBC832D338ABDC /* Debug */ = {
			isa = XCBuildConfiguration;
			buildSettings = {
				BUNDLE_LOADER = "$(TEST_HOST)";
				COMBINE_HIDPI_IMAGES = YES;
				GENERATE_INFOPLIST_FILE = YES;
				LD_RUNPATH_SEARCH_PATHS = (
					"$(inherited)",
					"@executable_path/../Frameworks",
					"@loader_path/../Frameworks",
				);
				PRODUCT_BUNDLE_IDENTIFIER = com.findery.tests;
				SDKROOT = macosx;
				TEST_HOST = "$(BUILT_PRODUCTS_DIR)/Findery.app/Contents/MacOS/Findery";
			};
			name = Debug;
		};
		FDA80432EF838512C3103921 /* Debug */ = {
			isa = XCBuildConfiguration;
			buildSettings = {
				ASSETCATALOG_COMPILER_APPICON_NAME = AppIcon;
				CODE_SIGN_ENTITLEMENTS = Findery/Resources/Findery.entitlements;
				COMBINE_HIDPI_IMAGES = YES;
				INFOPLIST_FILE = Findery/Resources/Info.plist;
				LD_RUNPATH_SEARCH_PATHS = (
					"$(inherited)",
					"@executable_path/../Frameworks",
				);
				PRODUCT_BUNDLE_IDENTIFIER = com.findery.app;
				PRODUCT_NAME = Findery;
				SDKROOT = macosx;
			};
			name = Debug;
		};
/* End XCBuildConfiguration section */

/* Begin XCConfigurationList section */
		2DE6B194F5BB395AD6309296 /* Build configuration list for PBXNativeTarget "FinderyTests" */ = {
			isa = XCConfigurationList;
			buildConfigurations = (
				D6E6F3F9F3CBC832D338ABDC /* Debug */,
				7499EBC3994359D3F81E0E31 /* Release */,
			);
			defaultConfigurationIsVisible = 0;
			defaultConfigurationName = Debug;
		};
		B7789854891C9B5362B1B844 /* Build configuration list for PBXProject "Findery" */ = {
			isa = XCConfigurationList;
			buildConfigurations = (
				5F64813EE9717D91D2A104A8 /* Debug */,
				6DF8BA3AAA516180BEB60B3E /* Release */,
			);
			defaultConfigurationIsVisible = 0;
			defaultConfigurationName = Debug;
		};
		BE44F31800D587D615A6BE15 /* Build configuration list for PBXNativeTarget "Findery" */ = {
			isa = XCConfigurationList;
			buildConfigurations = (
				FDA80432EF838512C3103921 /* Debug */,
				135E03DE6E5E8D65A9489EF1 /* Release */,
			);
			defaultConfigurationIsVisible = 0;
			defaultConfigurationName = Debug;
		};
/* End XCConfigurationList section */
	};
	rootObject = 8296703095673FC0998559D2 /* Project object */;
}
